
Microsoft Visual Studio Solution File, Format Version 12.00
# Visual Studio 15
VisualStudioVersion = 15.0.27130.2010
MinimumVisualStudioVersion = 10.0.40219.1
Project("{8BC9CEB8-8B4A-11D0-8D11-00A0C91BC942}") = "introduction_to_algorithms", "introduction_to_algorithms\introduction_to_algorithms.vcxproj", "{5E5F4E5D-D5B3-4D43-B5B2-71B0BD2C3452}"
EndProject
Project("{8BC9CEB8-8B4A-11D0-8D11-00A0C91BC942}") = "hiho_coder", "hiho_coder\hiho_coder.vcxproj", "{3DFBA6C5-01F2-4BC2-B6FA-28EF676CB4DA}"
EndProject
Global
	GlobalSection(SolutionConfigurationPlatforms) = preSolution
		Debug|x64 = Debug|x64
		Debug|x86 = Debug|x86
		Release|x64 = Release|x64
		Release|x86 = Release|x86
	EndGlobalSection
	GlobalSection(ProjectConfigurationPlatforms) = postSolution
		{5E5F4E5D-D5B3-4D43-B5B2-71B0BD2C3452}.Debug|x64.ActiveCfg = Debug|x64
		{5E5F4E5D-D5B3-4D43-B5B2-71B0BD2C3452}.Debug|x64.Build.0 = Debug|x64
		{5E5F4E5D-D5B3-4D43-B5B2-71B0BD2C3452}.Debug|x86.ActiveCfg = Debug|Win32
		{5E5F4E5D-D5B3-4D43-B5B2-71B0BD2C3452}.Debug|x86.Build.0 = Debug|Win32
		{5E5F4E5D-D5B3-4D43-B5B2-71B0BD2C3452}.Release|x64.ActiveCfg = Release|x64
		{5E5F4E5D-D5B3-4D43-B5B2-71B0BD2C3452}.Release|x64.Build.0 = Release|x64
		{5E5F4E5D-D5B3-4D43-B5B2-71B0BD2C3452}.Release|x86.ActiveCfg = Release|Win32
		{5E5F4E5D-D5B3-4D43-B5B2-71B0BD2C3452}.Release|x86.Build.0 = Release|Win32
		{3DFBA6C5-01F2-4BC2-B6FA-28EF676CB4DA}.Debug|x64.ActiveCfg = Debug|x64
		{3DFBA6C5-01F2-4BC2-B6FA-28EF676CB4DA}.Debug|x64.Build.0 = Debug|x64
		{3DFBA6C5-01F2-4BC2-B6FA-28EF676CB4DA}.Debug|x86.ActiveCfg = Debug|Win32
		{3DFBA6C5-01F2-4BC2-B6FA-28EF676CB4DA}.Debug|x86.Build.0 = Debug|Win32
		{3DFBA6C5-01F2-4BC2-B6FA-28EF676CB4DA}.Release|x64.ActiveCfg = Release|x64
		{3DFBA6C5-01F2-4BC2-B6FA-28EF676CB4DA}.Release|x64.Build.0 = Release|x64
		{3DFBA6C5-01F2-4BC2-B6FA-28EF676CB4DA}.Release|x86.ActiveCfg = Release|Win32
		{3DFBA6C5-01F2-4BC2-B6FA-28EF676CB4DA}.Release|x86.Build.0 = Release|Win32
	EndGlobalSection
	GlobalSection(SolutionProperties) = preSolution
		HideSolutionNode = FALSE
	EndGlobalSection
	GlobalSection(ExtensibilityGlobals) = postSolution
		SolutionGuid = {D7D4E5A2-6489-4AF6-87F9-513326715469}
	EndGlobalSection
EndGlobal
